
Microsoft Visual Studio Solution File, Format Version 12.00
# Visual Studio Version 17
VisualStudioVersion = 17.11.35327.3
MinimumVisualStudioVersion = 10.0.40219.1
Project("{FAE04EC0-301F-11D3-BF4B-00C04F79EFBC}") = "11.1. Gallows", "11.1. Gallows\11.1. Gallows.csproj", "{8C68AAB6-96A5-46ED-AC5B-06F520118A43}"
EndProject
Global
	GlobalSection(SolutionConfigurationPlatforms) = preSolution
		Debug|Any CPU = Debug|Any CPU
		Release|Any CPU = Release|Any CPU
	EndGlobalSection
	GlobalSection(ProjectConfigurationPlatforms) = postSolution
		{8C68AAB6-96A5-46ED-AC5B-06F520118A43}.Debug|Any CPU.ActiveCfg = Debug|Any CPU
		{8C68AAB6-96A5-46ED-AC5B-06F520118A43}.Debug|Any CPU.Build.0 = Debug|Any CPU
		{8C68AAB6-96A5-46ED-AC5B-06F520118A43}.Release|Any CPU.ActiveCfg = Release|Any CPU
		{8C68AAB6-96A5-46ED-AC5B-06F520118A43}.Release|Any CPU.Build.0 = Release|Any CPU
	EndGlobalSection
	GlobalSection(SolutionProperties) = preSolution
		HideSolutionNode = FALSE
	EndGlobalSection
	GlobalSection(ExtensibilityGlobals) = postSolution
		SolutionGuid = {8FC21FBE-FE2C-4131-A682-11AC74DB1A18}
	EndGlobalSection
EndGlobal
